{
    "_readme": [
        "This file locks the dependencies of your project to a known state",
        "Read more about it at https://getcomposer.org/doc/01-basic-usage.md#installing-dependencies",
        "This file is @generated automatically"
    ],
    "content-hash": "6f5d1d7aa06208f744e3b6090090f13f",
    "packages": [
        {
            "name": "sneeuwphp/sneeuw",
            "version": "0.1.0",
            "dist": {
                "type": "path",
                "url": "../sneeuw",
                "reference": "458fd2d65ed56be68deb89a207d22bc514df9b94"
            },
            "require": {
                "php": "^8.3"
            },
            "require-dev": {
                "vimeo/psalm": "^5.25"
            },
            "type": "library",
            "autoload": {
                "psr-4": {
                    "Sneeuw\\": "src/"
                }
            },
            "license": [
                "MIT"
            ],
            "authors": [
                {
                    "name": "Julian Ollivieira",
                    "email": "julian.ollivieira@gmail.com"
                }
            ],
            "description": "❄️  Sneeuw is a modern web framework that simplifies creating full-stack applications.",
            "keywords": [
                "framework",
                "php",
                "sneeuw"
            ],
            "transport-options": {
                "symlink": true,
                "relative": true
            }
        }
    ],
    "packages-dev": [],
    "aliases": [],
    "minimum-stability": "dev",
    "stability-flags": [],
    "prefer-stable": false,
    "prefer-lowest": false,
    "platform": {
        "php": "^8.3"
    },
    "platform-dev": [],
    "plugin-api-version": "2.6.0"
}
