# This file is generated by running "yarn install" inside your project.
# Manual changes might be lost - proceed with caution!

__metadata:
  version: 8
  cacheKey: 10c0

"@esbuild/aix-ppc64@npm:0.23.0":
  version: 0.23.0
  resolution: "@esbuild/aix-ppc64@npm:0.23.0"
  conditions: os=aix & cpu=ppc64
  languageName: node
  linkType: hard

"@esbuild/android-arm64@npm:0.23.0":
  version: 0.23.0
  resolution: "@esbuild/android-arm64@npm:0.23.0"
  conditions: os=android & cpu=arm64
  languageName: node
  linkType: hard

"@esbuild/android-arm@npm:0.23.0":
  version: 0.23.0
  resolution: "@esbuild/android-arm@npm:0.23.0"
  conditions: os=android & cpu=arm
  languageName: node
  linkType: hard

"@esbuild/android-x64@npm:0.23.0":
  version: 0.23.0
  resolution: "@esbuild/android-x64@npm:0.23.0"
  conditions: os=android & cpu=x64
  languageName: node
  linkType: hard

"@esbuild/darwin-arm64@npm:0.23.0":
  version: 0.23.0
  resolution: "@esbuild/darwin-arm64@npm:0.23.0"
  conditions: os=darwin & cpu=arm64
  languageName: node
  linkType: hard

"@esbuild/darwin-x64@npm:0.23.0":
  version: 0.23.0
  resolution: "@esbuild/darwin-x64@npm:0.23.0"
  conditions: os=darwin & cpu=x64
  languageName: node
  linkType: hard

"@esbuild/freebsd-arm64@npm:0.23.0":
  version: 0.23.0
  resolution: "@esbuild/freebsd-arm64@npm:0.23.0"
  conditions: os=freebsd & cpu=arm64
  languageName: node
  linkType: hard

"@esbuild/freebsd-x64@npm:0.23.0":
  version: 0.23.0
  resolution: "@esbuild/freebsd-x64@npm:0.23.0"
  conditions: os=freebsd & cpu=x64
  languageName: node
  linkType: hard

"@esbuild/linux-arm64@npm:0.23.0":
  version: 0.23.0
  resolution: "@esbuild/linux-arm64@npm:0.23.0"
  conditions: os=linux & cpu=arm64
  languageName: node
  linkType: hard

"@esbuild/linux-arm@npm:0.23.0":
  version: 0.23.0
  resolution: "@esbuild/linux-arm@npm:0.23.0"
  conditions: os=linux & cpu=arm
  languageName: node
  linkType: hard

"@esbuild/linux-ia32@npm:0.23.0":
  version: 0.23.0
  resolution: "@esbuild/linux-ia32@npm:0.23.0"
  conditions: os=linux & cpu=ia32
  languageName: node
  linkType: hard

"@esbuild/linux-loong64@npm:0.23.0":
  version: 0.23.0
  resolution: "@esbuild/linux-loong64@npm:0.23.0"
  conditions: os=linux & cpu=loong64
  languageName: node
  linkType: hard

"@esbuild/linux-mips64el@npm:0.23.0":
  version: 0.23.0
  resolution: "@esbuild/linux-mips64el@npm:0.23.0"
  conditions: os=linux & cpu=mips64el
  languageName: node
  linkType: hard

"@esbuild/linux-ppc64@npm:0.23.0":
  version: 0.23.0
  resolution: "@esbuild/linux-ppc64@npm:0.23.0"
  conditions: os=linux & cpu=ppc64
  languageName: node
  linkType: hard

"@esbuild/linux-riscv64@npm:0.23.0":
  version: 0.23.0
  resolution: "@esbuild/linux-riscv64@npm:0.23.0"
  conditions: os=linux & cpu=riscv64
  languageName: node
  linkType: hard

"@esbuild/linux-s390x@npm:0.23.0":
  version: 0.23.0
  resolution: "@esbuild/linux-s390x@npm:0.23.0"
  conditions: os=linux & cpu=s390x
  languageName: node
  linkType: hard

"@esbuild/linux-x64@npm:0.23.0":
  version: 0.23.0
  resolution: "@esbuild/linux-x64@npm:0.23.0"
  conditions: os=linux & cpu=x64
  languageName: node
  linkType: hard

"@esbuild/netbsd-x64@npm:0.23.0":
  version: 0.23.0
  resolution: "@esbuild/netbsd-x64@npm:0.23.0"
  conditions: os=netbsd & cpu=x64
  languageName: node
  linkType: hard

"@esbuild/openbsd-arm64@npm:0.23.0":
  version: 0.23.0
  resolution: "@esbuild/openbsd-arm64@npm:0.23.0"
  conditions: os=openbsd & cpu=arm64
  languageName: node
  linkType: hard

"@esbuild/openbsd-x64@npm:0.23.0":
  version: 0.23.0
  resolution: "@esbuild/openbsd-x64@npm:0.23.0"
  conditions: os=openbsd & cpu=x64
  languageName: node
  linkType: hard

"@esbuild/sunos-x64@npm:0.23.0":
  version: 0.23.0
  resolution: "@esbuild/sunos-x64@npm:0.23.0"
  conditions: os=sunos & cpu=x64
  languageName: node
  linkType: hard

"@esbuild/win32-arm64@npm:0.23.0":
  version: 0.23.0
  resolution: "@esbuild/win32-arm64@npm:0.23.0"
  conditions: os=win32 & cpu=arm64
  languageName: node
  linkType: hard

"@esbuild/win32-ia32@npm:0.23.0":
  version: 0.23.0
  resolution: "@esbuild/win32-ia32@npm:0.23.0"
  conditions: os=win32 & cpu=ia32
  languageName: node
  linkType: hard

"@esbuild/win32-x64@npm:0.23.0":
  version: 0.23.0
  resolution: "@esbuild/win32-x64@npm:0.23.0"
  conditions: os=win32 & cpu=x64
  languageName: node
  linkType: hard

"@sneeuwphp/esbuild-plugin-sneeuw@file:../esbuild-plugin-sneeuw::locator=root-workspace-0b6124%40workspace%3A.":
  version: 0.0.1
  resolution: "@sneeuwphp/esbuild-plugin-sneeuw@file:../esbuild-plugin-sneeuw#../esbuild-plugin-sneeuw::hash=1320cd&locator=root-workspace-0b6124%40workspace%3A."
  dependencies:
    "@sneeuwphp/ski": ../ski
  checksum: 10c0/87538c588a84940942710cc5b3b737b2381c669a2b54fbb66212533ff8475e1273ef8d2a3fed69f1a2b222ad2f24f53b7ee90011af4ee5b09b4e33b4ee93bd4c
  languageName: node
  linkType: hard

"@sneeuwphp/ski@file:../ski::locator=%40sneeuwphp%2Fesbuild-plugin-sneeuw%40file%3A..%2Fesbuild-plugin-sneeuw%23..%2Fesbuild-plugin-sneeuw%3A%3Ahash%3D1320cd%26locator%3Droot-workspace-0b6124%2540workspace%253A.":
  version: 0.0.1
  resolution: "@sneeuwphp/ski@file:../ski#../ski::hash=88be6f&locator=%40sneeuwphp%2Fesbuild-plugin-sneeuw%40file%3A..%2Fesbuild-plugin-sneeuw%23..%2Fesbuild-plugin-sneeuw%3A%3Ahash%3D1320cd%26locator%3Droot-workspace-0b6124%2540workspace%253A."
  checksum: 10c0/ec3564c1e717876251adbdf67bb714257a27e5e9e8dfefbfc14301c037ecd5a8db66d1c056586a42d58b7169184fc3298a04dc87736ee33be4e654d4f94e43f9
  languageName: node
  linkType: hard

"@sneeuwphp/ski@file:../ski::locator=root-workspace-0b6124%40workspace%3A.":
  version: 0.0.1
  resolution: "@sneeuwphp/ski@file:../ski#../ski::hash=88be6f&locator=root-workspace-0b6124%40workspace%3A."
  checksum: 10c0/ec3564c1e717876251adbdf67bb714257a27e5e9e8dfefbfc14301c037ecd5a8db66d1c056586a42d58b7169184fc3298a04dc87736ee33be4e654d4f94e43f9
  languageName: node
  linkType: hard

"esbuild@npm:^0.23.0":
  version: 0.23.0
  resolution: "esbuild@npm:0.23.0"
  dependencies:
    "@esbuild/aix-ppc64": "npm:0.23.0"
    "@esbuild/android-arm": "npm:0.23.0"
    "@esbuild/android-arm64": "npm:0.23.0"
    "@esbuild/android-x64": "npm:0.23.0"
    "@esbuild/darwin-arm64": "npm:0.23.0"
    "@esbuild/darwin-x64": "npm:0.23.0"
    "@esbuild/freebsd-arm64": "npm:0.23.0"
    "@esbuild/freebsd-x64": "npm:0.23.0"
    "@esbuild/linux-arm": "npm:0.23.0"
    "@esbuild/linux-arm64": "npm:0.23.0"
    "@esbuild/linux-ia32": "npm:0.23.0"
    "@esbuild/linux-loong64": "npm:0.23.0"
    "@esbuild/linux-mips64el": "npm:0.23.0"
    "@esbuild/linux-ppc64": "npm:0.23.0"
    "@esbuild/linux-riscv64": "npm:0.23.0"
    "@esbuild/linux-s390x": "npm:0.23.0"
    "@esbuild/linux-x64": "npm:0.23.0"
    "@esbuild/netbsd-x64": "npm:0.23.0"
    "@esbuild/openbsd-arm64": "npm:0.23.0"
    "@esbuild/openbsd-x64": "npm:0.23.0"
    "@esbuild/sunos-x64": "npm:0.23.0"
    "@esbuild/win32-arm64": "npm:0.23.0"
    "@esbuild/win32-ia32": "npm:0.23.0"
    "@esbuild/win32-x64": "npm:0.23.0"
  dependenciesMeta:
    "@esbuild/aix-ppc64":
      optional: true
    "@esbuild/android-arm":
      optional: true
    "@esbuild/android-arm64":
      optional: true
    "@esbuild/android-x64":
      optional: true
    "@esbuild/darwin-arm64":
      optional: true
    "@esbuild/darwin-x64":
      optional: true
    "@esbuild/freebsd-arm64":
      optional: true
    "@esbuild/freebsd-x64":
      optional: true
    "@esbuild/linux-arm":
      optional: true
    "@esbuild/linux-arm64":
      optional: true
    "@esbuild/linux-ia32":
      optional: true
    "@esbuild/linux-loong64":
      optional: true
    "@esbuild/linux-mips64el":
      optional: true
    "@esbuild/linux-ppc64":
      optional: true
    "@esbuild/linux-riscv64":
      optional: true
    "@esbuild/linux-s390x":
      optional: true
    "@esbuild/linux-x64":
      optional: true
    "@esbuild/netbsd-x64":
      optional: true
    "@esbuild/openbsd-arm64":
      optional: true
    "@esbuild/openbsd-x64":
      optional: true
    "@esbuild/sunos-x64":
      optional: true
    "@esbuild/win32-arm64":
      optional: true
    "@esbuild/win32-ia32":
      optional: true
    "@esbuild/win32-x64":
      optional: true
  bin:
    esbuild: bin/esbuild
  checksum: 10c0/08c148c067795165798c0467ce02d2d1ecedc096989bded5f0d795c61a1fcbec6c14d0a3c9f4ad6185cc29ec52087acaa335ed6d98be6ad57f7fa4264626bde0
  languageName: node
  linkType: hard

"root-workspace-0b6124@workspace:.":
  version: 0.0.0-use.local
  resolution: "root-workspace-0b6124@workspace:."
  dependencies:
    "@sneeuwphp/esbuild-plugin-sneeuw": "file:../esbuild-plugin-sneeuw"
    "@sneeuwphp/ski": "file:../ski"
    esbuild: "npm:^0.23.0"
  languageName: unknown
  linkType: soft
